
Microsoft Visual Studio Solution File, Format Version 12.00
# Visual Studio Version 16
VisualStudioVersion = 16.0.30330.147
MinimumVisualStudioVersion = 10.0.40219.1
Project("{F184B08F-C81C-45F6-A57F-5ABD9991F28F}") = "ExcelAddIn.Customizations", "ExcelAddIn.Customizations\ExcelAddIn.Customizations.vbproj", "{23424E71-4B7E-40D3-88EF-E46CDD0FBE36}"
EndProject
Project("{F14B399A-7131-4C87-9E4B-1186C45EF12D}") = "ReportingServices.InformesFinancieros", "ReportingServices.InformesFinancieros\ReportingServices.InformesFinancieros.rptproj", "{9A961517-1D8A-4A2B-90B4-A06CD3BCD2C9}"
EndProject
Project("{F14B399A-7131-4C87-9E4B-1186C45EF12D}") = "ReportingServices.ConsultasGenerales", "ReportingServices.ConsultasGenerales\ReportingServices.ConsultasGenerales.rptproj", "{A5B80FE7-EB1D-49E1-9BD1-2518DF7504C4}"
EndProject
Project("{F14B399A-7131-4C87-9E4B-1186C45EF12D}") = "ReportingServices.Sobrestadia", "ReportingServices.Sobrestadia\ReportingServices.Sobrestadia.rptproj", "{13927715-B442-489E-8AD6-A3D19E61B9BC}"
EndProject
Project("{F14B399A-7131-4C87-9E4B-1186C45EF12D}") = "ReportingServices.InformesOperativos", "ReportingServices.InformesOperativos\ReportingServices.InformesOperativos.rptproj", "{D45637DB-EDAE-495C-B045-2BEF4EAD4496}"
EndProject
Project("{F14B399A-7131-4C87-9E4B-1186C45EF12D}") = "ReportingServices.ServiciosLogisticos", "ReportingServices.ServiciosLogisticos\ReportingServices.ServiciosLogisticos.rptproj", "{E02C408F-2442-408F-A42D-AF4D5437BA5F}"
EndProject
Project("{F14B399A-7131-4C87-9E4B-1186C45EF12D}") = "ReportingServices.InformesComerciales", "ReportingServices.InformesComerciales\ReportingServices.InformesComerciales.rptproj", "{9A37625B-1E0F-4D3E-9B8C-A363214FD5B5}"
EndProject
Project("{F184B08F-C81C-45F6-A57F-5ABD9991F28F}") = "ReportGenerator", "ReportGenerator\ReportGenerator.vbproj", "{4324E735-A111-4B74-BB7E-C51BC169EB09}"
EndProject
Project("{E24C65DC-7377-472B-9ABA-BC803B73C61A}") = "OnLine.WebServices", "OnLine.WebServices\", "{2933302B-F04E-4FBC-A4D8-10C1DA61AC7D}"
	ProjectSection(WebsiteProperties) = preProject
		TargetFrameworkMoniker = ".NETFramework,Version%3Dv4.6.1"
		Debug.AspNetCompiler.VirtualPath = "/localhost_7343"
		Debug.AspNetCompiler.PhysicalPath = "OnLine.WebServices\"
		Debug.AspNetCompiler.TargetPath = "PrecompiledWeb\localhost_7343\"
		Debug.AspNetCompiler.Updateable = "true"
		Debug.AspNetCompiler.ForceOverwrite = "true"
		Debug.AspNetCompiler.FixedNames = "false"
		Debug.AspNetCompiler.Debug = "True"
		Release.AspNetCompiler.VirtualPath = "/localhost_7343"
		Release.AspNetCompiler.PhysicalPath = "OnLine.WebServices\"
		Release.AspNetCompiler.TargetPath = "PrecompiledWeb\localhost_7343\"
		Release.AspNetCompiler.Updateable = "true"
		Release.AspNetCompiler.ForceOverwrite = "true"
		Release.AspNetCompiler.FixedNames = "false"
		Release.AspNetCompiler.Debug = "False"
		VWDPort = "7343"
		SlnRelativePath = "OnLine.WebServices\"
	EndProjectSection
EndProject
Project("{F184B08F-C81C-45F6-A57F-5ABD9991F28F}") = "WebTesting", "WebTesting\WebTesting.vbproj", "{9105EA66-F15D-44F4-ADD9-632B81642ADA}"
EndProject
Project("{F14B399A-7131-4C87-9E4B-1186C45EF12D}") = "ReportingServices.InformesTacna", "ReportingServices.ConsultasTacna\ReportingServices.InformesTacna.rptproj", "{CD48FDDE-CB94-4038-A91D-2262DFA2A8DF}"
EndProject
Project("{2150E333-8FDC-42A3-9474-1A3956D46DE8}") = "Extranet", "Extranet", "{206BA759-FC71-4C24-A23A-3223F7259A7E}"
EndProject
Project("{F184B08F-C81C-45F6-A57F-5ABD9991F28F}") = "AwExtranet", "Extranet\AwExtranet\AwExtranet.vbproj", "{6C7050A8-C6CD-4164-B19C-8E732BB59913}"
EndProject
Project("{F184B08F-C81C-45F6-A57F-5ABD9991F28F}") = "Datos", "Extranet\Datos\Datos.vbproj", "{E80473B1-82C7-4900-BB03-2513D5F7B25C}"
EndProject
Project("{F184B08F-C81C-45F6-A57F-5ABD9991F28F}") = "Entidades", "Extranet\Entidades\Entidades.vbproj", "{C272D537-41C3-4252-AEB3-C7A509277664}"
EndProject
Project("{F184B08F-C81C-45F6-A57F-5ABD9991F28F}") = "Negocio", "Extranet\Negocio\Negocio.vbproj", "{DC986EFA-12FB-4925-9C1A-1A09726EC3E3}"
EndProject
Project("{F184B08F-C81C-45F6-A57F-5ABD9991F28F}") = "Util.Seguridad", "Extranet\Util.Seguridad\Util.Seguridad.vbproj", "{59BBF3C8-7906-494F-B196-254C994353AD}"
EndProject
Project("{2150E333-8FDC-42A3-9474-1A3956D46DE8}") = "NextSoft", "NextSoft", "{CF7F0D5B-C805-4242-A9CE-8971BF841D49}"
EndProject
Project("{2150E333-8FDC-42A3-9474-1A3956D46DE8}") = "Portico", "Portico", "{759F1562-3881-476C-98E5-52FE8D9DA208}"
EndProject
Project("{F184B08F-C81C-45F6-A57F-5ABD9991F28F}") = "BusinessLogic", "Portico\BusinessLogic\BusinessLogic.vbproj", "{FEEE9501-A147-454E-B6C9-E4E821F901EF}"
EndProject
Project("{F184B08F-C81C-45F6-A57F-5ABD9991F28F}") = "DataAccess", "Portico\DataAccess\DataAccess.vbproj", "{A32A6348-D49E-4D56-B2F5-36345CF6F3CF}"
EndProject
Project("{778DAE3C-4631-46EA-AA77-85C1314464D9}") = "BusinessEntities", "Portico\Entities\BusinessEntities.vbproj", "{55E21CA4-3572-471C-A8E8-C8562DF6F86B}"
EndProject
Project("{F184B08F-C81C-45F6-A57F-5ABD9991F28F}") = "UserInterface", "Portico\UserInterface\UserInterface.vbproj", "{64AED196-8524-41E0-A666-52435A245825}"
EndProject
Project("{F184B08F-C81C-45F6-A57F-5ABD9991F28F}") = "OutlookAddIn.Customizations", "OutlookAddIn.Customizations\OutlookAddIn.Customizations.vbproj", "{16DE34BE-9808-447B-8420-30210480AA9D}"
EndProject
Project("{F184B08F-C81C-45F6-A57F-5ABD9991F28F}") = "Application.WebServices", "Application.WebServices\Application.WebServices.vbproj", "{3BD34C03-E460-4739-9CBA-D81CED9D21F1}"
EndProject
Project("{F184B08F-C81C-45F6-A57F-5ABD9991F28F}") = "Application.BusinessLogic", "Application.BusinessLogic\Application.BusinessLogic.vbproj", "{A07ACA44-06AB-4E1F-8048-2C28A7198560}"
EndProject
Project("{F184B08F-C81C-45F6-A57F-5ABD9991F28F}") = "Application.DataAccess", "Application.DataAccess\Application.DataAccess.vbproj", "{5C8E181F-7743-48FE-8A5A-30566B47E4E5}"
EndProject
Project("{F184B08F-C81C-45F6-A57F-5ABD9991F28F}") = "Application.DataAccessLayer", "Application.DataAccessLayer\Application.DataAccessLayer.vbproj", "{E8BC2FBB-F572-476D-9ECD-774FC211B4A0}"
EndProject
Project("{F184B08F-C81C-45F6-A57F-5ABD9991F28F}") = "Application.BusinessEntities", "Application.Entities\Application.BusinessEntities.vbproj", "{4A5FF929-730F-45AC-85FD-541228280740}"
EndProject
Project("{F184B08F-C81C-45F6-A57F-5ABD9991F28F}") = "Application.UserInterface", "Application.UserInterface\Application.UserInterface.vbproj", "{908DDE54-D3A5-4781-8F7F-2378D04BA4B5}"
	ProjectSection(ProjectDependencies) = postProject
		{9977FA31-E144-4D09-A411-B24FA9E95076} = {9977FA31-E144-4D09-A411-B24FA9E95076}
	EndProjectSection
EndProject
Project("{F184B08F-C81C-45F6-A57F-5ABD9991F28F}") = "AppNet.Notificaciones", "Notificaciones\AppNet.Notificaciones.vbproj", "{204ECBC9-52F1-4F34-B250-47964442AF9C}"
EndProject
Project("{F184B08F-C81C-45F6-A57F-5ABD9991F28F}") = "Integration.Rest", "Integration.WebServices\Integration.Rest.vbproj", "{9977FA31-E144-4D09-A411-B24FA9E95076}"
EndProject
Project("{FAE04EC0-301F-11D3-BF4B-00C04F79EFBC}") = "Delfin.Entities", "NextSoftR2\Business Tier\Delfin.Entities\Delfin.Entities.csproj", "{985EEA42-A5DA-4766-80FE-6579516F7024}"
EndProject
Project("{FAE04EC0-301F-11D3-BF4B-00C04F79EFBC}") = "Delfin.FacturacionElectronica", "NextSoftR2\FacturacionElectronica\Delfin.FacturacionElectronica.csproj", "{7D6147C7-EE51-4EB1-B1B9-98B78834187F}"
EndProject
Project("{FAE04EC0-301F-11D3-BF4B-00C04F79EFBC}") = "Delfin.ServiceContracts", "NextSoftR2\Services Tier\Delfin.ServiceContracts\Delfin.ServiceContracts.csproj", "{9639899C-F591-47B5-BF00-A46DA6EB0536}"
EndProject
Project("{FAE04EC0-301F-11D3-BF4B-00C04F79EFBC}") = "Delfin.ServiceProxy", "NextSoftR2\Services Tier\Delfin.ServiceProxy\Delfin.ServiceProxy.csproj", "{A0718A25-B85D-4B4B-BC7A-21FA01D8B594}"
EndProject
Project("{F184B08F-C81C-45F6-A57F-5ABD9991F28F}") = "AppNet.Integrador", "Integrator\AppNet.Integrador.vbproj", "{E493BB93-33D0-44AE-A9A3-FD066D5D9723}"
EndProject
Project("{FAE04EC0-301F-11D3-BF4B-00C04F79EFBC}") = "Delfin.BusinessLogic", "NextSoftR2\Business Tier\Delfin.BusinessLogic\Delfin.BusinessLogic.csproj", "{C100EA87-7438-4439-AC79-FAE48BAB42E2}"
EndProject
Project("{FAE04EC0-301F-11D3-BF4B-00C04F79EFBC}") = "Delfin.Principal", "NextSoftR2\Presentation Tier\Delfin.Principal\Delfin.Principal.csproj", "{19DC714E-B2B6-4763-A4A1-E5DC2AAF06BB}"
	ProjectSection(ProjectDependencies) = postProject
		{3BD34C03-E460-4739-9CBA-D81CED9D21F1} = {3BD34C03-E460-4739-9CBA-D81CED9D21F1}
		{985EEA42-A5DA-4766-80FE-6579516F7024} = {985EEA42-A5DA-4766-80FE-6579516F7024}
		{908DDE54-D3A5-4781-8F7F-2378D04BA4B5} = {908DDE54-D3A5-4781-8F7F-2378D04BA4B5}
		{C100EA87-7438-4439-AC79-FAE48BAB42E2} = {C100EA87-7438-4439-AC79-FAE48BAB42E2}
		{7D6147C7-EE51-4EB1-B1B9-98B78834187F} = {7D6147C7-EE51-4EB1-B1B9-98B78834187F}
	EndProjectSection
EndProject
Project("{F184B08F-C81C-45F6-A57F-5ABD9991F28F}") = "App.Net.ConsultaNaves", "ConsultaNaves\App.Net.ConsultaNaves.vbproj", "{B9267A20-7CD3-4375-A8E0-6C8BE1234C28}"
EndProject
Global
	GlobalSection(SolutionConfigurationPlatforms) = preSolution
		Debug|Any CPU = Debug|Any CPU
		Debug|x86 = Debug|x86
		DebugLocal|Any CPU = DebugLocal|Any CPU
		DebugLocal|x86 = DebugLocal|x86
		Release|Any CPU = Release|Any CPU
		Release|x86 = Release|x86
	EndGlobalSection
	GlobalSection(ProjectConfigurationPlatforms) = postSolution
		{23424E71-4B7E-40D3-88EF-E46CDD0FBE36}.Debug|Any CPU.ActiveCfg = Debug|Any CPU
		{23424E71-4B7E-40D3-88EF-E46CDD0FBE36}.Debug|Any CPU.Build.0 = Debug|Any CPU
		{23424E71-4B7E-40D3-88EF-E46CDD0FBE36}.Debug|x86.ActiveCfg = Debug|Any CPU
		{23424E71-4B7E-40D3-88EF-E46CDD0FBE36}.DebugLocal|Any CPU.ActiveCfg = Debug|Any CPU
		{23424E71-4B7E-40D3-88EF-E46CDD0FBE36}.DebugLocal|Any CPU.Build.0 = Debug|Any CPU
		{23424E71-4B7E-40D3-88EF-E46CDD0FBE36}.DebugLocal|x86.ActiveCfg = Debug|Any CPU
		{23424E71-4B7E-40D3-88EF-E46CDD0FBE36}.Release|Any CPU.ActiveCfg = Release|Any CPU
		{23424E71-4B7E-40D3-88EF-E46CDD0FBE36}.Release|Any CPU.Build.0 = Release|Any CPU
		{23424E71-4B7E-40D3-88EF-E46CDD0FBE36}.Release|x86.ActiveCfg = Release|Any CPU
		{9A961517-1D8A-4A2B-90B4-A06CD3BCD2C9}.Debug|Any CPU.ActiveCfg = Debug
		{9A961517-1D8A-4A2B-90B4-A06CD3BCD2C9}.Debug|Any CPU.Build.0 = Debug
		{9A961517-1D8A-4A2B-90B4-A06CD3BCD2C9}.Debug|Any CPU.Deploy.0 = Debug
		{9A961517-1D8A-4A2B-90B4-A06CD3BCD2C9}.Debug|x86.ActiveCfg = Debug
		{9A961517-1D8A-4A2B-90B4-A06CD3BCD2C9}.Debug|x86.Build.0 = Debug
		{9A961517-1D8A-4A2B-90B4-A06CD3BCD2C9}.Debug|x86.Deploy.0 = Debug
		{9A961517-1D8A-4A2B-90B4-A06CD3BCD2C9}.DebugLocal|Any CPU.ActiveCfg = DebugLocal
		{9A961517-1D8A-4A2B-90B4-A06CD3BCD2C9}.DebugLocal|Any CPU.Build.0 = DebugLocal
		{9A961517-1D8A-4A2B-90B4-A06CD3BCD2C9}.DebugLocal|Any CPU.Deploy.0 = DebugLocal
		{9A961517-1D8A-4A2B-90B4-A06CD3BCD2C9}.DebugLocal|x86.ActiveCfg = DebugLocal
		{9A961517-1D8A-4A2B-90B4-A06CD3BCD2C9}.DebugLocal|x86.Build.0 = DebugLocal
		{9A961517-1D8A-4A2B-90B4-A06CD3BCD2C9}.DebugLocal|x86.Deploy.0 = DebugLocal
		{9A961517-1D8A-4A2B-90B4-A06CD3BCD2C9}.Release|Any CPU.ActiveCfg = Release
		{9A961517-1D8A-4A2B-90B4-A06CD3BCD2C9}.Release|Any CPU.Build.0 = Release
		{9A961517-1D8A-4A2B-90B4-A06CD3BCD2C9}.Release|Any CPU.Deploy.0 = Release
		{9A961517-1D8A-4A2B-90B4-A06CD3BCD2C9}.Release|x86.ActiveCfg = Release
		{9A961517-1D8A-4A2B-90B4-A06CD3BCD2C9}.Release|x86.Build.0 = Release
		{9A961517-1D8A-4A2B-90B4-A06CD3BCD2C9}.Release|x86.Deploy.0 = Release
		{A5B80FE7-EB1D-49E1-9BD1-2518DF7504C4}.Debug|Any CPU.ActiveCfg = Debug
		{A5B80FE7-EB1D-49E1-9BD1-2518DF7504C4}.Debug|Any CPU.Build.0 = Debug
		{A5B80FE7-EB1D-49E1-9BD1-2518DF7504C4}.Debug|Any CPU.Deploy.0 = Debug
		{A5B80FE7-EB1D-49E1-9BD1-2518DF7504C4}.Debug|x86.ActiveCfg = Debug
		{A5B80FE7-EB1D-49E1-9BD1-2518DF7504C4}.Debug|x86.Build.0 = Debug
		{A5B80FE7-EB1D-49E1-9BD1-2518DF7504C4}.Debug|x86.Deploy.0 = Debug
		{A5B80FE7-EB1D-49E1-9BD1-2518DF7504C4}.DebugLocal|Any CPU.ActiveCfg = DebugLocal
		{A5B80FE7-EB1D-49E1-9BD1-2518DF7504C4}.DebugLocal|Any CPU.Build.0 = DebugLocal
		{A5B80FE7-EB1D-49E1-9BD1-2518DF7504C4}.DebugLocal|x86.ActiveCfg = DebugLocal
		{A5B80FE7-EB1D-49E1-9BD1-2518DF7504C4}.DebugLocal|x86.Build.0 = DebugLocal
		{A5B80FE7-EB1D-49E1-9BD1-2518DF7504C4}.Release|Any CPU.ActiveCfg = Release
		{A5B80FE7-EB1D-49E1-9BD1-2518DF7504C4}.Release|Any CPU.Build.0 = Release
		{A5B80FE7-EB1D-49E1-9BD1-2518DF7504C4}.Release|Any CPU.Deploy.0 = Release
		{A5B80FE7-EB1D-49E1-9BD1-2518DF7504C4}.Release|x86.ActiveCfg = Release
		{A5B80FE7-EB1D-49E1-9BD1-2518DF7504C4}.Release|x86.Build.0 = Release
		{A5B80FE7-EB1D-49E1-9BD1-2518DF7504C4}.Release|x86.Deploy.0 = Release
		{13927715-B442-489E-8AD6-A3D19E61B9BC}.Debug|Any CPU.ActiveCfg = Debug
		{13927715-B442-489E-8AD6-A3D19E61B9BC}.Debug|Any CPU.Build.0 = Debug
		{13927715-B442-489E-8AD6-A3D19E61B9BC}.Debug|Any CPU.Deploy.0 = Debug
		{13927715-B442-489E-8AD6-A3D19E61B9BC}.Debug|x86.ActiveCfg = Debug
		{13927715-B442-489E-8AD6-A3D19E61B9BC}.Debug|x86.Build.0 = Debug
		{13927715-B442-489E-8AD6-A3D19E61B9BC}.Debug|x86.Deploy.0 = Debug
		{13927715-B442-489E-8AD6-A3D19E61B9BC}.DebugLocal|Any CPU.ActiveCfg = DebugLocal
		{13927715-B442-489E-8AD6-A3D19E61B9BC}.DebugLocal|Any CPU.Build.0 = DebugLocal
		{13927715-B442-489E-8AD6-A3D19E61B9BC}.DebugLocal|x86.ActiveCfg = DebugLocal
		{13927715-B442-489E-8AD6-A3D19E61B9BC}.DebugLocal|x86.Build.0 = DebugLocal
		{13927715-B442-489E-8AD6-A3D19E61B9BC}.Release|Any CPU.ActiveCfg = Release
		{13927715-B442-489E-8AD6-A3D19E61B9BC}.Release|Any CPU.Build.0 = Release
		{13927715-B442-489E-8AD6-A3D19E61B9BC}.Release|Any CPU.Deploy.0 = Release
		{13927715-B442-489E-8AD6-A3D19E61B9BC}.Release|x86.ActiveCfg = Release
		{13927715-B442-489E-8AD6-A3D19E61B9BC}.Release|x86.Build.0 = Release
		{13927715-B442-489E-8AD6-A3D19E61B9BC}.Release|x86.Deploy.0 = Release
		{D45637DB-EDAE-495C-B045-2BEF4EAD4496}.Debug|Any CPU.ActiveCfg = Debug
		{D45637DB-EDAE-495C-B045-2BEF4EAD4496}.Debug|Any CPU.Build.0 = Debug
		{D45637DB-EDAE-495C-B045-2BEF4EAD4496}.Debug|Any CPU.Deploy.0 = Debug
		{D45637DB-EDAE-495C-B045-2BEF4EAD4496}.Debug|x86.ActiveCfg = Debug
		{D45637DB-EDAE-495C-B045-2BEF4EAD4496}.Debug|x86.Build.0 = Debug
		{D45637DB-EDAE-495C-B045-2BEF4EAD4496}.Debug|x86.Deploy.0 = Debug
		{D45637DB-EDAE-495C-B045-2BEF4EAD4496}.DebugLocal|Any CPU.ActiveCfg = DebugLocal
		{D45637DB-EDAE-495C-B045-2BEF4EAD4496}.DebugLocal|Any CPU.Build.0 = DebugLocal
		{D45637DB-EDAE-495C-B045-2BEF4EAD4496}.DebugLocal|x86.ActiveCfg = DebugLocal
		{D45637DB-EDAE-495C-B045-2BEF4EAD4496}.DebugLocal|x86.Build.0 = DebugLocal
		{D45637DB-EDAE-495C-B045-2BEF4EAD4496}.Release|Any CPU.ActiveCfg = Release
		{D45637DB-EDAE-495C-B045-2BEF4EAD4496}.Release|Any CPU.Build.0 = Release
		{D45637DB-EDAE-495C-B045-2BEF4EAD4496}.Release|Any CPU.Deploy.0 = Release
		{D45637DB-EDAE-495C-B045-2BEF4EAD4496}.Release|x86.ActiveCfg = Release
		{D45637DB-EDAE-495C-B045-2BEF4EAD4496}.Release|x86.Build.0 = Release
		{D45637DB-EDAE-495C-B045-2BEF4EAD4496}.Release|x86.Deploy.0 = Release
		{E02C408F-2442-408F-A42D-AF4D5437BA5F}.Debug|Any CPU.ActiveCfg = Debug
		{E02C408F-2442-408F-A42D-AF4D5437BA5F}.Debug|Any CPU.Build.0 = Debug
		{E02C408F-2442-408F-A42D-AF4D5437BA5F}.Debug|Any CPU.Deploy.0 = Debug
		{E02C408F-2442-408F-A42D-AF4D5437BA5F}.Debug|x86.ActiveCfg = Debug
		{E02C408F-2442-408F-A42D-AF4D5437BA5F}.Debug|x86.Build.0 = Debug
		{E02C408F-2442-408F-A42D-AF4D5437BA5F}.Debug|x86.Deploy.0 = Debug
		{E02C408F-2442-408F-A42D-AF4D5437BA5F}.DebugLocal|Any CPU.ActiveCfg = DebugLocal
		{E02C408F-2442-408F-A42D-AF4D5437BA5F}.DebugLocal|Any CPU.Build.0 = DebugLocal
		{E02C408F-2442-408F-A42D-AF4D5437BA5F}.DebugLocal|x86.ActiveCfg = DebugLocal
		{E02C408F-2442-408F-A42D-AF4D5437BA5F}.DebugLocal|x86.Build.0 = DebugLocal
		{E02C408F-2442-408F-A42D-AF4D5437BA5F}.Release|Any CPU.ActiveCfg = Release
		{E02C408F-2442-408F-A42D-AF4D5437BA5F}.Release|Any CPU.Build.0 = Release
		{E02C408F-2442-408F-A42D-AF4D5437BA5F}.Release|Any CPU.Deploy.0 = Release
		{E02C408F-2442-408F-A42D-AF4D5437BA5F}.Release|x86.ActiveCfg = Release
		{E02C408F-2442-408F-A42D-AF4D5437BA5F}.Release|x86.Build.0 = Release
		{E02C408F-2442-408F-A42D-AF4D5437BA5F}.Release|x86.Deploy.0 = Release
		{9A37625B-1E0F-4D3E-9B8C-A363214FD5B5}.Debug|Any CPU.ActiveCfg = Debug
		{9A37625B-1E0F-4D3E-9B8C-A363214FD5B5}.Debug|Any CPU.Build.0 = Debug
		{9A37625B-1E0F-4D3E-9B8C-A363214FD5B5}.Debug|Any CPU.Deploy.0 = Debug
		{9A37625B-1E0F-4D3E-9B8C-A363214FD5B5}.Debug|x86.ActiveCfg = Debug
		{9A37625B-1E0F-4D3E-9B8C-A363214FD5B5}.Debug|x86.Build.0 = Debug
		{9A37625B-1E0F-4D3E-9B8C-A363214FD5B5}.Debug|x86.Deploy.0 = Debug
		{9A37625B-1E0F-4D3E-9B8C-A363214FD5B5}.DebugLocal|Any CPU.ActiveCfg = DebugLocal
		{9A37625B-1E0F-4D3E-9B8C-A363214FD5B5}.DebugLocal|Any CPU.Build.0 = DebugLocal
		{9A37625B-1E0F-4D3E-9B8C-A363214FD5B5}.DebugLocal|x86.ActiveCfg = DebugLocal
		{9A37625B-1E0F-4D3E-9B8C-A363214FD5B5}.DebugLocal|x86.Build.0 = DebugLocal
		{9A37625B-1E0F-4D3E-9B8C-A363214FD5B5}.Release|Any CPU.ActiveCfg = Release
		{9A37625B-1E0F-4D3E-9B8C-A363214FD5B5}.Release|Any CPU.Build.0 = Release
		{9A37625B-1E0F-4D3E-9B8C-A363214FD5B5}.Release|Any CPU.Deploy.0 = Release
		{9A37625B-1E0F-4D3E-9B8C-A363214FD5B5}.Release|x86.ActiveCfg = Release
		{9A37625B-1E0F-4D3E-9B8C-A363214FD5B5}.Release|x86.Build.0 = Release
		{9A37625B-1E0F-4D3E-9B8C-A363214FD5B5}.Release|x86.Deploy.0 = Release
		{4324E735-A111-4B74-BB7E-C51BC169EB09}.Debug|Any CPU.ActiveCfg = Debug|Any CPU
		{4324E735-A111-4B74-BB7E-C51BC169EB09}.Debug|Any CPU.Build.0 = Debug|Any CPU
		{4324E735-A111-4B74-BB7E-C51BC169EB09}.Debug|x86.ActiveCfg = Debug|Any CPU
		{4324E735-A111-4B74-BB7E-C51BC169EB09}.DebugLocal|Any CPU.ActiveCfg = Debug|Any CPU
		{4324E735-A111-4B74-BB7E-C51BC169EB09}.DebugLocal|Any CPU.Build.0 = Debug|Any CPU
		{4324E735-A111-4B74-BB7E-C51BC169EB09}.DebugLocal|x86.ActiveCfg = Debug|Any CPU
		{4324E735-A111-4B74-BB7E-C51BC169EB09}.Release|Any CPU.ActiveCfg = Release|Any CPU
		{4324E735-A111-4B74-BB7E-C51BC169EB09}.Release|Any CPU.Build.0 = Release|Any CPU
		{4324E735-A111-4B74-BB7E-C51BC169EB09}.Release|x86.ActiveCfg = Release|Any CPU
		{2933302B-F04E-4FBC-A4D8-10C1DA61AC7D}.Debug|Any CPU.ActiveCfg = Debug|Any CPU
		{2933302B-F04E-4FBC-A4D8-10C1DA61AC7D}.Debug|Any CPU.Build.0 = Debug|Any CPU
		{2933302B-F04E-4FBC-A4D8-10C1DA61AC7D}.Debug|x86.ActiveCfg = Debug|Any CPU
		{2933302B-F04E-4FBC-A4D8-10C1DA61AC7D}.Debug|x86.Build.0 = Debug|Any CPU
		{2933302B-F04E-4FBC-A4D8-10C1DA61AC7D}.DebugLocal|Any CPU.ActiveCfg = Debug|Any CPU
		{2933302B-F04E-4FBC-A4D8-10C1DA61AC7D}.DebugLocal|Any CPU.Build.0 = Debug|Any CPU
		{2933302B-F04E-4FBC-A4D8-10C1DA61AC7D}.DebugLocal|x86.ActiveCfg = Debug|Any CPU
		{2933302B-F04E-4FBC-A4D8-10C1DA61AC7D}.DebugLocal|x86.Build.0 = Debug|Any CPU
		{2933302B-F04E-4FBC-A4D8-10C1DA61AC7D}.Release|Any CPU.ActiveCfg = Debug|Any CPU
		{2933302B-F04E-4FBC-A4D8-10C1DA61AC7D}.Release|Any CPU.Build.0 = Debug|Any CPU
		{2933302B-F04E-4FBC-A4D8-10C1DA61AC7D}.Release|x86.ActiveCfg = Debug|Any CPU
		{2933302B-F04E-4FBC-A4D8-10C1DA61AC7D}.Release|x86.Build.0 = Debug|Any CPU
		{9105EA66-F15D-44F4-ADD9-632B81642ADA}.Debug|Any CPU.ActiveCfg = Debug|Any CPU
		{9105EA66-F15D-44F4-ADD9-632B81642ADA}.Debug|Any CPU.Build.0 = Debug|Any CPU
		{9105EA66-F15D-44F4-ADD9-632B81642ADA}.Debug|x86.ActiveCfg = Debug|Any CPU
		{9105EA66-F15D-44F4-ADD9-632B81642ADA}.Debug|x86.Build.0 = Debug|Any CPU
		{9105EA66-F15D-44F4-ADD9-632B81642ADA}.DebugLocal|Any CPU.ActiveCfg = Debug|Any CPU
		{9105EA66-F15D-44F4-ADD9-632B81642ADA}.DebugLocal|Any CPU.Build.0 = Debug|Any CPU
		{9105EA66-F15D-44F4-ADD9-632B81642ADA}.DebugLocal|x86.ActiveCfg = Debug|Any CPU
		{9105EA66-F15D-44F4-ADD9-632B81642ADA}.DebugLocal|x86.Build.0 = Debug|Any CPU
		{9105EA66-F15D-44F4-ADD9-632B81642ADA}.Release|Any CPU.ActiveCfg = Release|Any CPU
		{9105EA66-F15D-44F4-ADD9-632B81642ADA}.Release|Any CPU.Build.0 = Release|Any CPU
		{9105EA66-F15D-44F4-ADD9-632B81642ADA}.Release|x86.ActiveCfg = Release|Any CPU
		{9105EA66-F15D-44F4-ADD9-632B81642ADA}.Release|x86.Build.0 = Release|Any CPU
		{CD48FDDE-CB94-4038-A91D-2262DFA2A8DF}.Debug|Any CPU.ActiveCfg = Debug
		{CD48FDDE-CB94-4038-A91D-2262DFA2A8DF}.Debug|Any CPU.Build.0 = Debug
		{CD48FDDE-CB94-4038-A91D-2262DFA2A8DF}.Debug|Any CPU.Deploy.0 = Debug
		{CD48FDDE-CB94-4038-A91D-2262DFA2A8DF}.Debug|x86.ActiveCfg = Debug
		{CD48FDDE-CB94-4038-A91D-2262DFA2A8DF}.Debug|x86.Build.0 = Debug
		{CD48FDDE-CB94-4038-A91D-2262DFA2A8DF}.Debug|x86.Deploy.0 = Debug
		{CD48FDDE-CB94-4038-A91D-2262DFA2A8DF}.DebugLocal|Any CPU.ActiveCfg = DebugLocal
		{CD48FDDE-CB94-4038-A91D-2262DFA2A8DF}.DebugLocal|Any CPU.Build.0 = DebugLocal
		{CD48FDDE-CB94-4038-A91D-2262DFA2A8DF}.DebugLocal|x86.ActiveCfg = DebugLocal
		{CD48FDDE-CB94-4038-A91D-2262DFA2A8DF}.DebugLocal|x86.Build.0 = DebugLocal
		{CD48FDDE-CB94-4038-A91D-2262DFA2A8DF}.Release|Any CPU.ActiveCfg = Release
		{CD48FDDE-CB94-4038-A91D-2262DFA2A8DF}.Release|Any CPU.Build.0 = Release
		{CD48FDDE-CB94-4038-A91D-2262DFA2A8DF}.Release|Any CPU.Deploy.0 = Release
		{CD48FDDE-CB94-4038-A91D-2262DFA2A8DF}.Release|x86.ActiveCfg = Release
		{CD48FDDE-CB94-4038-A91D-2262DFA2A8DF}.Release|x86.Build.0 = Release
		{CD48FDDE-CB94-4038-A91D-2262DFA2A8DF}.Release|x86.Deploy.0 = Release
		{6C7050A8-C6CD-4164-B19C-8E732BB59913}.Debug|Any CPU.ActiveCfg = Debug|Any CPU
		{6C7050A8-C6CD-4164-B19C-8E732BB59913}.Debug|Any CPU.Build.0 = Debug|Any CPU
		{6C7050A8-C6CD-4164-B19C-8E732BB59913}.Debug|x86.ActiveCfg = Debug|Any CPU
		{6C7050A8-C6CD-4164-B19C-8E732BB59913}.Debug|x86.Build.0 = Debug|Any CPU
		{6C7050A8-C6CD-4164-B19C-8E732BB59913}.DebugLocal|Any CPU.ActiveCfg = Debug|Any CPU
		{6C7050A8-C6CD-4164-B19C-8E732BB59913}.DebugLocal|Any CPU.Build.0 = Debug|Any CPU
		{6C7050A8-C6CD-4164-B19C-8E732BB59913}.DebugLocal|x86.ActiveCfg = Debug|Any CPU
		{6C7050A8-C6CD-4164-B19C-8E732BB59913}.DebugLocal|x86.Build.0 = Debug|Any CPU
		{6C7050A8-C6CD-4164-B19C-8E732BB59913}.Release|Any CPU.ActiveCfg = Release|Any CPU
		{6C7050A8-C6CD-4164-B19C-8E732BB59913}.Release|Any CPU.Build.0 = Release|Any CPU
		{6C7050A8-C6CD-4164-B19C-8E732BB59913}.Release|x86.ActiveCfg = Release|Any CPU
		{6C7050A8-C6CD-4164-B19C-8E732BB59913}.Release|x86.Build.0 = Release|Any CPU
		{E80473B1-82C7-4900-BB03-2513D5F7B25C}.Debug|Any CPU.ActiveCfg = Debug|Any CPU
		{E80473B1-82C7-4900-BB03-2513D5F7B25C}.Debug|Any CPU.Build.0 = Debug|Any CPU
		{E80473B1-82C7-4900-BB03-2513D5F7B25C}.Debug|x86.ActiveCfg = Debug|Any CPU
		{E80473B1-82C7-4900-BB03-2513D5F7B25C}.Debug|x86.Build.0 = Debug|Any CPU
		{E80473B1-82C7-4900-BB03-2513D5F7B25C}.DebugLocal|Any CPU.ActiveCfg = Debug|Any CPU
		{E80473B1-82C7-4900-BB03-2513D5F7B25C}.DebugLocal|Any CPU.Build.0 = Debug|Any CPU
		{E80473B1-82C7-4900-BB03-2513D5F7B25C}.DebugLocal|x86.ActiveCfg = Debug|Any CPU
		{E80473B1-82C7-4900-BB03-2513D5F7B25C}.DebugLocal|x86.Build.0 = Debug|Any CPU
		{E80473B1-82C7-4900-BB03-2513D5F7B25C}.Release|Any CPU.ActiveCfg = Release|Any CPU
		{E80473B1-82C7-4900-BB03-2513D5F7B25C}.Release|Any CPU.Build.0 = Release|Any CPU
		{E80473B1-82C7-4900-BB03-2513D5F7B25C}.Release|x86.ActiveCfg = Release|Any CPU
		{E80473B1-82C7-4900-BB03-2513D5F7B25C}.Release|x86.Build.0 = Release|Any CPU
		{C272D537-41C3-4252-AEB3-C7A509277664}.Debug|Any CPU.ActiveCfg = Debug|Any CPU
		{C272D537-41C3-4252-AEB3-C7A509277664}.Debug|Any CPU.Build.0 = Debug|Any CPU
		{C272D537-41C3-4252-AEB3-C7A509277664}.Debug|x86.ActiveCfg = Debug|Any CPU
		{C272D537-41C3-4252-AEB3-C7A509277664}.Debug|x86.Build.0 = Debug|Any CPU
		{C272D537-41C3-4252-AEB3-C7A509277664}.DebugLocal|Any CPU.ActiveCfg = Debug|Any CPU
		{C272D537-41C3-4252-AEB3-C7A509277664}.DebugLocal|Any CPU.Build.0 = Debug|Any CPU
		{C272D537-41C3-4252-AEB3-C7A509277664}.DebugLocal|x86.ActiveCfg = Debug|Any CPU
		{C272D537-41C3-4252-AEB3-C7A509277664}.DebugLocal|x86.Build.0 = Debug|Any CPU
		{C272D537-41C3-4252-AEB3-C7A509277664}.Release|Any CPU.ActiveCfg = Release|Any CPU
		{C272D537-41C3-4252-AEB3-C7A509277664}.Release|Any CPU.Build.0 = Release|Any CPU
		{C272D537-41C3-4252-AEB3-C7A509277664}.Release|x86.ActiveCfg = Release|Any CPU
		{C272D537-41C3-4252-AEB3-C7A509277664}.Release|x86.Build.0 = Release|Any CPU
		{DC986EFA-12FB-4925-9C1A-1A09726EC3E3}.Debug|Any CPU.ActiveCfg = Debug|Any CPU
		{DC986EFA-12FB-4925-9C1A-1A09726EC3E3}.Debug|Any CPU.Build.0 = Debug|Any CPU
		{DC986EFA-12FB-4925-9C1A-1A09726EC3E3}.Debug|x86.ActiveCfg = Debug|Any CPU
		{DC986EFA-12FB-4925-9C1A-1A09726EC3E3}.Debug|x86.Build.0 = Debug|Any CPU
		{DC986EFA-12FB-4925-9C1A-1A09726EC3E3}.DebugLocal|Any CPU.ActiveCfg = Debug|Any CPU
		{DC986EFA-12FB-4925-9C1A-1A09726EC3E3}.DebugLocal|Any CPU.Build.0 = Debug|Any CPU
		{DC986EFA-12FB-4925-9C1A-1A09726EC3E3}.DebugLocal|x86.ActiveCfg = Debug|Any CPU
		{DC986EFA-12FB-4925-9C1A-1A09726EC3E3}.DebugLocal|x86.Build.0 = Debug|Any CPU
		{DC986EFA-12FB-4925-9C1A-1A09726EC3E3}.Release|Any CPU.ActiveCfg = Release|Any CPU
		{DC986EFA-12FB-4925-9C1A-1A09726EC3E3}.Release|Any CPU.Build.0 = Release|Any CPU
		{DC986EFA-12FB-4925-9C1A-1A09726EC3E3}.Release|x86.ActiveCfg = Release|Any CPU
		{DC986EFA-12FB-4925-9C1A-1A09726EC3E3}.Release|x86.Build.0 = Release|Any CPU
		{59BBF3C8-7906-494F-B196-254C994353AD}.Debug|Any CPU.ActiveCfg = Debug|Any CPU
		{59BBF3C8-7906-494F-B196-254C994353AD}.Debug|Any CPU.Build.0 = Debug|Any CPU
		{59BBF3C8-7906-494F-B196-254C994353AD}.Debug|x86.ActiveCfg = Debug|Any CPU
		{59BBF3C8-7906-494F-B196-254C994353AD}.Debug|x86.Build.0 = Debug|Any CPU
		{59BBF3C8-7906-494F-B196-254C994353AD}.DebugLocal|Any CPU.ActiveCfg = Debug|Any CPU
		{59BBF3C8-7906-494F-B196-254C994353AD}.DebugLocal|Any CPU.Build.0 = Debug|Any CPU
		{59BBF3C8-7906-494F-B196-254C994353AD}.DebugLocal|x86.ActiveCfg = Debug|Any CPU
		{59BBF3C8-7906-494F-B196-254C994353AD}.DebugLocal|x86.Build.0 = Debug|Any CPU
		{59BBF3C8-7906-494F-B196-254C994353AD}.Release|Any CPU.ActiveCfg = Release|Any CPU
		{59BBF3C8-7906-494F-B196-254C994353AD}.Release|Any CPU.Build.0 = Release|Any CPU
		{59BBF3C8-7906-494F-B196-254C994353AD}.Release|x86.ActiveCfg = Release|Any CPU
		{59BBF3C8-7906-494F-B196-254C994353AD}.Release|x86.Build.0 = Release|Any CPU
		{FEEE9501-A147-454E-B6C9-E4E821F901EF}.Debug|Any CPU.ActiveCfg = Debug|Any CPU
		{FEEE9501-A147-454E-B6C9-E4E821F901EF}.Debug|Any CPU.Build.0 = Debug|Any CPU
		{FEEE9501-A147-454E-B6C9-E4E821F901EF}.Debug|x86.ActiveCfg = Debug|Any CPU
		{FEEE9501-A147-454E-B6C9-E4E821F901EF}.Debug|x86.Build.0 = Debug|Any CPU
		{FEEE9501-A147-454E-B6C9-E4E821F901EF}.DebugLocal|Any CPU.ActiveCfg = Debug|Any CPU
		{FEEE9501-A147-454E-B6C9-E4E821F901EF}.DebugLocal|Any CPU.Build.0 = Debug|Any CPU
		{FEEE9501-A147-454E-B6C9-E4E821F901EF}.DebugLocal|x86.ActiveCfg = Debug|Any CPU
		{FEEE9501-A147-454E-B6C9-E4E821F901EF}.DebugLocal|x86.Build.0 = Debug|Any CPU
		{FEEE9501-A147-454E-B6C9-E4E821F901EF}.Release|Any CPU.ActiveCfg = Release|Any CPU
		{FEEE9501-A147-454E-B6C9-E4E821F901EF}.Release|Any CPU.Build.0 = Release|Any CPU
		{FEEE9501-A147-454E-B6C9-E4E821F901EF}.Release|x86.ActiveCfg = Release|Any CPU
		{FEEE9501-A147-454E-B6C9-E4E821F901EF}.Release|x86.Build.0 = Release|Any CPU
		{A32A6348-D49E-4D56-B2F5-36345CF6F3CF}.Debug|Any CPU.ActiveCfg = Debug|Any CPU
		{A32A6348-D49E-4D56-B2F5-36345CF6F3CF}.Debug|Any CPU.Build.0 = Debug|Any CPU
		{A32A6348-D49E-4D56-B2F5-36345CF6F3CF}.Debug|x86.ActiveCfg = Debug|Any CPU
		{A32A6348-D49E-4D56-B2F5-36345CF6F3CF}.Debug|x86.Build.0 = Debug|Any CPU
		{A32A6348-D49E-4D56-B2F5-36345CF6F3CF}.DebugLocal|Any CPU.ActiveCfg = Debug|Any CPU
		{A32A6348-D49E-4D56-B2F5-36345CF6F3CF}.DebugLocal|Any CPU.Build.0 = Debug|Any CPU
		{A32A6348-D49E-4D56-B2F5-36345CF6F3CF}.DebugLocal|x86.ActiveCfg = Debug|Any CPU
		{A32A6348-D49E-4D56-B2F5-36345CF6F3CF}.DebugLocal|x86.Build.0 = Debug|Any CPU
		{A32A6348-D49E-4D56-B2F5-36345CF6F3CF}.Release|Any CPU.ActiveCfg = Release|Any CPU
		{A32A6348-D49E-4D56-B2F5-36345CF6F3CF}.Release|Any CPU.Build.0 = Release|Any CPU
		{A32A6348-D49E-4D56-B2F5-36345CF6F3CF}.Release|x86.ActiveCfg = Release|Any CPU
		{A32A6348-D49E-4D56-B2F5-36345CF6F3CF}.Release|x86.Build.0 = Release|Any CPU
		{55E21CA4-3572-471C-A8E8-C8562DF6F86B}.Debug|Any CPU.ActiveCfg = Debug|Any CPU
		{55E21CA4-3572-471C-A8E8-C8562DF6F86B}.Debug|Any CPU.Build.0 = Debug|Any CPU
		{55E21CA4-3572-471C-A8E8-C8562DF6F86B}.Debug|x86.ActiveCfg = Debug|Any CPU
		{55E21CA4-3572-471C-A8E8-C8562DF6F86B}.Debug|x86.Build.0 = Debug|Any CPU
		{55E21CA4-3572-471C-A8E8-C8562DF6F86B}.DebugLocal|Any CPU.ActiveCfg = Debug|Any CPU
		{55E21CA4-3572-471C-A8E8-C8562DF6F86B}.DebugLocal|Any CPU.Build.0 = Debug|Any CPU
		{55E21CA4-3572-471C-A8E8-C8562DF6F86B}.DebugLocal|x86.ActiveCfg = Debug|Any CPU
		{55E21CA4-3572-471C-A8E8-C8562DF6F86B}.DebugLocal|x86.Build.0 = Debug|Any CPU
		{55E21CA4-3572-471C-A8E8-C8562DF6F86B}.Release|Any CPU.ActiveCfg = Release|Any CPU
		{55E21CA4-3572-471C-A8E8-C8562DF6F86B}.Release|Any CPU.Build.0 = Release|Any CPU
		{55E21CA4-3572-471C-A8E8-C8562DF6F86B}.Release|x86.ActiveCfg = Release|Any CPU
		{55E21CA4-3572-471C-A8E8-C8562DF6F86B}.Release|x86.Build.0 = Release|Any CPU
		{64AED196-8524-41E0-A666-52435A245825}.Debug|Any CPU.ActiveCfg = Debug|Any CPU
		{64AED196-8524-41E0-A666-52435A245825}.Debug|Any CPU.Build.0 = Debug|Any CPU
		{64AED196-8524-41E0-A666-52435A245825}.Debug|x86.ActiveCfg = Debug|Any CPU
		{64AED196-8524-41E0-A666-52435A245825}.Debug|x86.Build.0 = Debug|Any CPU
		{64AED196-8524-41E0-A666-52435A245825}.DebugLocal|Any CPU.ActiveCfg = Debug|Any CPU
		{64AED196-8524-41E0-A666-52435A245825}.DebugLocal|Any CPU.Build.0 = Debug|Any CPU
		{64AED196-8524-41E0-A666-52435A245825}.DebugLocal|x86.ActiveCfg = Debug|Any CPU
		{64AED196-8524-41E0-A666-52435A245825}.DebugLocal|x86.Build.0 = Debug|Any CPU
		{64AED196-8524-41E0-A666-52435A245825}.Release|Any CPU.ActiveCfg = Release|Any CPU
		{64AED196-8524-41E0-A666-52435A245825}.Release|Any CPU.Build.0 = Release|Any CPU
		{64AED196-8524-41E0-A666-52435A245825}.Release|x86.ActiveCfg = Release|Any CPU
		{64AED196-8524-41E0-A666-52435A245825}.Release|x86.Build.0 = Release|Any CPU
		{16DE34BE-9808-447B-8420-30210480AA9D}.Debug|Any CPU.ActiveCfg = Debug|Any CPU
		{16DE34BE-9808-447B-8420-30210480AA9D}.Debug|Any CPU.Build.0 = Debug|Any CPU
		{16DE34BE-9808-447B-8420-30210480AA9D}.Debug|x86.ActiveCfg = Debug|Any CPU
		{16DE34BE-9808-447B-8420-30210480AA9D}.Debug|x86.Build.0 = Debug|Any CPU
		{16DE34BE-9808-447B-8420-30210480AA9D}.DebugLocal|Any CPU.ActiveCfg = Debug|Any CPU
		{16DE34BE-9808-447B-8420-30210480AA9D}.DebugLocal|Any CPU.Build.0 = Debug|Any CPU
		{16DE34BE-9808-447B-8420-30210480AA9D}.DebugLocal|x86.ActiveCfg = Debug|Any CPU
		{16DE34BE-9808-447B-8420-30210480AA9D}.DebugLocal|x86.Build.0 = Debug|Any CPU
		{16DE34BE-9808-447B-8420-30210480AA9D}.Release|Any CPU.ActiveCfg = Release|Any CPU
		{16DE34BE-9808-447B-8420-30210480AA9D}.Release|Any CPU.Build.0 = Release|Any CPU
		{16DE34BE-9808-447B-8420-30210480AA9D}.Release|x86.ActiveCfg = Release|Any CPU
		{16DE34BE-9808-447B-8420-30210480AA9D}.Release|x86.Build.0 = Release|Any CPU
		{3BD34C03-E460-4739-9CBA-D81CED9D21F1}.Debug|Any CPU.ActiveCfg = Debug|Any CPU
		{3BD34C03-E460-4739-9CBA-D81CED9D21F1}.Debug|Any CPU.Build.0 = Debug|Any CPU
		{3BD34C03-E460-4739-9CBA-D81CED9D21F1}.Debug|x86.ActiveCfg = Debug|x86
		{3BD34C03-E460-4739-9CBA-D81CED9D21F1}.Debug|x86.Build.0 = Debug|x86
		{3BD34C03-E460-4739-9CBA-D81CED9D21F1}.DebugLocal|Any CPU.ActiveCfg = Debug|Any CPU
		{3BD34C03-E460-4739-9CBA-D81CED9D21F1}.DebugLocal|Any CPU.Build.0 = Debug|Any CPU
		{3BD34C03-E460-4739-9CBA-D81CED9D21F1}.DebugLocal|x86.ActiveCfg = Debug|x86
		{3BD34C03-E460-4739-9CBA-D81CED9D21F1}.DebugLocal|x86.Build.0 = Debug|x86
		{3BD34C03-E460-4739-9CBA-D81CED9D21F1}.Release|Any CPU.ActiveCfg = Release|Any CPU
		{3BD34C03-E460-4739-9CBA-D81CED9D21F1}.Release|Any CPU.Build.0 = Release|Any CPU
		{3BD34C03-E460-4739-9CBA-D81CED9D21F1}.Release|x86.ActiveCfg = Release|x86
		{3BD34C03-E460-4739-9CBA-D81CED9D21F1}.Release|x86.Build.0 = Release|x86
		{A07ACA44-06AB-4E1F-8048-2C28A7198560}.Debug|Any CPU.ActiveCfg = Debug|Any CPU
		{A07ACA44-06AB-4E1F-8048-2C28A7198560}.Debug|Any CPU.Build.0 = Debug|Any CPU
		{A07ACA44-06AB-4E1F-8048-2C28A7198560}.Debug|x86.ActiveCfg = Debug|Any CPU
		{A07ACA44-06AB-4E1F-8048-2C28A7198560}.Debug|x86.Build.0 = Debug|Any CPU
		{A07ACA44-06AB-4E1F-8048-2C28A7198560}.DebugLocal|Any CPU.ActiveCfg = Debug|Any CPU
		{A07ACA44-06AB-4E1F-8048-2C28A7198560}.DebugLocal|Any CPU.Build.0 = Debug|Any CPU
		{A07ACA44-06AB-4E1F-8048-2C28A7198560}.DebugLocal|x86.ActiveCfg = Debug|Any CPU
		{A07ACA44-06AB-4E1F-8048-2C28A7198560}.DebugLocal|x86.Build.0 = Debug|Any CPU
		{A07ACA44-06AB-4E1F-8048-2C28A7198560}.Release|Any CPU.ActiveCfg = Release|Any CPU
		{A07ACA44-06AB-4E1F-8048-2C28A7198560}.Release|Any CPU.Build.0 = Release|Any CPU
		{A07ACA44-06AB-4E1F-8048-2C28A7198560}.Release|x86.ActiveCfg = Release|Any CPU
		{A07ACA44-06AB-4E1F-8048-2C28A7198560}.Release|x86.Build.0 = Release|Any CPU
		{5C8E181F-7743-48FE-8A5A-30566B47E4E5}.Debug|Any CPU.ActiveCfg = Debug|Any CPU
		{5C8E181F-7743-48FE-8A5A-30566B47E4E5}.Debug|Any CPU.Build.0 = Debug|Any CPU
		{5C8E181F-7743-48FE-8A5A-30566B47E4E5}.Debug|x86.ActiveCfg = Debug|Any CPU
		{5C8E181F-7743-48FE-8A5A-30566B47E4E5}.Debug|x86.Build.0 = Debug|Any CPU
		{5C8E181F-7743-48FE-8A5A-30566B47E4E5}.DebugLocal|Any CPU.ActiveCfg = Debug|Any CPU
		{5C8E181F-7743-48FE-8A5A-30566B47E4E5}.DebugLocal|Any CPU.Build.0 = Debug|Any CPU
		{5C8E181F-7743-48FE-8A5A-30566B47E4E5}.DebugLocal|x86.ActiveCfg = Debug|Any CPU
		{5C8E181F-7743-48FE-8A5A-30566B47E4E5}.DebugLocal|x86.Build.0 = Debug|Any CPU
		{5C8E181F-7743-48FE-8A5A-30566B47E4E5}.Release|Any CPU.ActiveCfg = Release|Any CPU
		{5C8E181F-7743-48FE-8A5A-30566B47E4E5}.Release|Any CPU.Build.0 = Release|Any CPU
		{5C8E181F-7743-48FE-8A5A-30566B47E4E5}.Release|x86.ActiveCfg = Release|Any CPU
		{5C8E181F-7743-48FE-8A5A-30566B47E4E5}.Release|x86.Build.0 = Release|Any CPU
		{E8BC2FBB-F572-476D-9ECD-774FC211B4A0}.Debug|Any CPU.ActiveCfg = Debug|Any CPU
		{E8BC2FBB-F572-476D-9ECD-774FC211B4A0}.Debug|Any CPU.Build.0 = Debug|Any CPU
		{E8BC2FBB-F572-476D-9ECD-774FC211B4A0}.Debug|x86.ActiveCfg = Debug|Any CPU
		{E8BC2FBB-F572-476D-9ECD-774FC211B4A0}.Debug|x86.Build.0 = Debug|Any CPU
		{E8BC2FBB-F572-476D-9ECD-774FC211B4A0}.DebugLocal|Any CPU.ActiveCfg = Debug|Any CPU
		{E8BC2FBB-F572-476D-9ECD-774FC211B4A0}.DebugLocal|Any CPU.Build.0 = Debug|Any CPU
		{E8BC2FBB-F572-476D-9ECD-774FC211B4A0}.DebugLocal|x86.ActiveCfg = Debug|Any CPU
		{E8BC2FBB-F572-476D-9ECD-774FC211B4A0}.DebugLocal|x86.Build.0 = Debug|Any CPU
		{E8BC2FBB-F572-476D-9ECD-774FC211B4A0}.Release|Any CPU.ActiveCfg = Release|Any CPU
		{E8BC2FBB-F572-476D-9ECD-774FC211B4A0}.Release|Any CPU.Build.0 = Release|Any CPU
		{E8BC2FBB-F572-476D-9ECD-774FC211B4A0}.Release|x86.ActiveCfg = Release|Any CPU
		{E8BC2FBB-F572-476D-9ECD-774FC211B4A0}.Release|x86.Build.0 = Release|Any CPU
		{4A5FF929-730F-45AC-85FD-541228280740}.Debug|Any CPU.ActiveCfg = Debug|Any CPU
		{4A5FF929-730F-45AC-85FD-541228280740}.Debug|Any CPU.Build.0 = Debug|Any CPU
		{4A5FF929-730F-45AC-85FD-541228280740}.Debug|x86.ActiveCfg = Debug|Any CPU
		{4A5FF929-730F-45AC-85FD-541228280740}.Debug|x86.Build.0 = Debug|Any CPU
		{4A5FF929-730F-45AC-85FD-541228280740}.DebugLocal|Any CPU.ActiveCfg = Debug|Any CPU
		{4A5FF929-730F-45AC-85FD-541228280740}.DebugLocal|Any CPU.Build.0 = Debug|Any CPU
		{4A5FF929-730F-45AC-85FD-541228280740}.DebugLocal|x86.ActiveCfg = Debug|Any CPU
		{4A5FF929-730F-45AC-85FD-541228280740}.DebugLocal|x86.Build.0 = Debug|Any CPU
		{4A5FF929-730F-45AC-85FD-541228280740}.Release|Any CPU.ActiveCfg = Release|Any CPU
		{4A5FF929-730F-45AC-85FD-541228280740}.Release|Any CPU.Build.0 = Release|Any CPU
		{4A5FF929-730F-45AC-85FD-541228280740}.Release|x86.ActiveCfg = Release|Any CPU
		{4A5FF929-730F-45AC-85FD-541228280740}.Release|x86.Build.0 = Release|Any CPU
		{908DDE54-D3A5-4781-8F7F-2378D04BA4B5}.Debug|Any CPU.ActiveCfg = Debug|Any CPU
		{908DDE54-D3A5-4781-8F7F-2378D04BA4B5}.Debug|Any CPU.Build.0 = Debug|Any CPU
		{908DDE54-D3A5-4781-8F7F-2378D04BA4B5}.Debug|x86.ActiveCfg = Debug|Any CPU
		{908DDE54-D3A5-4781-8F7F-2378D04BA4B5}.Debug|x86.Build.0 = Debug|Any CPU
		{908DDE54-D3A5-4781-8F7F-2378D04BA4B5}.DebugLocal|Any CPU.ActiveCfg = Debug|Any CPU
		{908DDE54-D3A5-4781-8F7F-2378D04BA4B5}.DebugLocal|Any CPU.Build.0 = Debug|Any CPU
		{908DDE54-D3A5-4781-8F7F-2378D04BA4B5}.DebugLocal|x86.ActiveCfg = Debug|Any CPU
		{908DDE54-D3A5-4781-8F7F-2378D04BA4B5}.DebugLocal|x86.Build.0 = Debug|Any CPU
		{908DDE54-D3A5-4781-8F7F-2378D04BA4B5}.Release|Any CPU.ActiveCfg = Release|Any CPU
		{908DDE54-D3A5-4781-8F7F-2378D04BA4B5}.Release|Any CPU.Build.0 = Release|Any CPU
		{908DDE54-D3A5-4781-8F7F-2378D04BA4B5}.Release|x86.ActiveCfg = Release|Any CPU
		{908DDE54-D3A5-4781-8F7F-2378D04BA4B5}.Release|x86.Build.0 = Release|Any CPU
		{204ECBC9-52F1-4F34-B250-47964442AF9C}.Debug|Any CPU.ActiveCfg = Debug|Any CPU
		{204ECBC9-52F1-4F34-B250-47964442AF9C}.Debug|Any CPU.Build.0 = Debug|Any CPU
		{204ECBC9-52F1-4F34-B250-47964442AF9C}.Debug|x86.ActiveCfg = Debug|Any CPU
		{204ECBC9-52F1-4F34-B250-47964442AF9C}.Debug|x86.Build.0 = Debug|Any CPU
		{204ECBC9-52F1-4F34-B250-47964442AF9C}.DebugLocal|Any CPU.ActiveCfg = Debug|Any CPU
		{204ECBC9-52F1-4F34-B250-47964442AF9C}.DebugLocal|Any CPU.Build.0 = Debug|Any CPU
		{204ECBC9-52F1-4F34-B250-47964442AF9C}.DebugLocal|x86.ActiveCfg = Debug|Any CPU
		{204ECBC9-52F1-4F34-B250-47964442AF9C}.DebugLocal|x86.Build.0 = Debug|Any CPU
		{204ECBC9-52F1-4F34-B250-47964442AF9C}.Release|Any CPU.ActiveCfg = Release|Any CPU
		{204ECBC9-52F1-4F34-B250-47964442AF9C}.Release|Any CPU.Build.0 = Release|Any CPU
		{204ECBC9-52F1-4F34-B250-47964442AF9C}.Release|x86.ActiveCfg = Release|Any CPU
		{204ECBC9-52F1-4F34-B250-47964442AF9C}.Release|x86.Build.0 = Release|Any CPU
		{9977FA31-E144-4D09-A411-B24FA9E95076}.Debug|Any CPU.ActiveCfg = Debug|Any CPU
		{9977FA31-E144-4D09-A411-B24FA9E95076}.Debug|Any CPU.Build.0 = Debug|Any CPU
		{9977FA31-E144-4D09-A411-B24FA9E95076}.Debug|x86.ActiveCfg = Debug|Any CPU
		{9977FA31-E144-4D09-A411-B24FA9E95076}.Debug|x86.Build.0 = Debug|Any CPU
		{9977FA31-E144-4D09-A411-B24FA9E95076}.DebugLocal|Any CPU.ActiveCfg = Debug|Any CPU
		{9977FA31-E144-4D09-A411-B24FA9E95076}.DebugLocal|Any CPU.Build.0 = Debug|Any CPU
		{9977FA31-E144-4D09-A411-B24FA9E95076}.DebugLocal|x86.ActiveCfg = Debug|Any CPU
		{9977FA31-E144-4D09-A411-B24FA9E95076}.DebugLocal|x86.Build.0 = Debug|Any CPU
		{9977FA31-E144-4D09-A411-B24FA9E95076}.Release|Any CPU.ActiveCfg = Release|Any CPU
		{9977FA31-E144-4D09-A411-B24FA9E95076}.Release|Any CPU.Build.0 = Release|Any CPU
		{9977FA31-E144-4D09-A411-B24FA9E95076}.Release|x86.ActiveCfg = Release|Any CPU
		{9977FA31-E144-4D09-A411-B24FA9E95076}.Release|x86.Build.0 = Release|Any CPU
		{985EEA42-A5DA-4766-80FE-6579516F7024}.Debug|Any CPU.ActiveCfg = Debug|Any CPU
		{985EEA42-A5DA-4766-80FE-6579516F7024}.Debug|Any CPU.Build.0 = Debug|Any CPU
		{985EEA42-A5DA-4766-80FE-6579516F7024}.Debug|x86.ActiveCfg = Debug|x86
		{985EEA42-A5DA-4766-80FE-6579516F7024}.Debug|x86.Build.0 = Debug|x86
		{985EEA42-A5DA-4766-80FE-6579516F7024}.DebugLocal|Any CPU.ActiveCfg = Debug|Any CPU
		{985EEA42-A5DA-4766-80FE-6579516F7024}.DebugLocal|Any CPU.Build.0 = Debug|Any CPU
		{985EEA42-A5DA-4766-80FE-6579516F7024}.DebugLocal|x86.ActiveCfg = Debug|x86
		{985EEA42-A5DA-4766-80FE-6579516F7024}.DebugLocal|x86.Build.0 = Debug|x86
		{985EEA42-A5DA-4766-80FE-6579516F7024}.Release|Any CPU.ActiveCfg = Release|Any CPU
		{985EEA42-A5DA-4766-80FE-6579516F7024}.Release|Any CPU.Build.0 = Release|Any CPU
		{985EEA42-A5DA-4766-80FE-6579516F7024}.Release|x86.ActiveCfg = Release|x86
		{985EEA42-A5DA-4766-80FE-6579516F7024}.Release|x86.Build.0 = Release|x86
		{7D6147C7-EE51-4EB1-B1B9-98B78834187F}.Debug|Any CPU.ActiveCfg = Debug|Any CPU
		{7D6147C7-EE51-4EB1-B1B9-98B78834187F}.Debug|Any CPU.Build.0 = Debug|Any CPU
		{7D6147C7-EE51-4EB1-B1B9-98B78834187F}.Debug|x86.ActiveCfg = Debug|Any CPU
		{7D6147C7-EE51-4EB1-B1B9-98B78834187F}.Debug|x86.Build.0 = Debug|Any CPU
		{7D6147C7-EE51-4EB1-B1B9-98B78834187F}.DebugLocal|Any CPU.ActiveCfg = Debug|Any CPU
		{7D6147C7-EE51-4EB1-B1B9-98B78834187F}.DebugLocal|Any CPU.Build.0 = Debug|Any CPU
		{7D6147C7-EE51-4EB1-B1B9-98B78834187F}.DebugLocal|x86.ActiveCfg = Debug|Any CPU
		{7D6147C7-EE51-4EB1-B1B9-98B78834187F}.DebugLocal|x86.Build.0 = Debug|Any CPU
		{7D6147C7-EE51-4EB1-B1B9-98B78834187F}.Release|Any CPU.ActiveCfg = Release|Any CPU
		{7D6147C7-EE51-4EB1-B1B9-98B78834187F}.Release|Any CPU.Build.0 = Release|Any CPU
		{7D6147C7-EE51-4EB1-B1B9-98B78834187F}.Release|x86.ActiveCfg = Release|Any CPU
		{7D6147C7-EE51-4EB1-B1B9-98B78834187F}.Release|x86.Build.0 = Release|Any CPU
		{9639899C-F591-47B5-BF00-A46DA6EB0536}.Debug|Any CPU.ActiveCfg = Debug|Any CPU
		{9639899C-F591-47B5-BF00-A46DA6EB0536}.Debug|Any CPU.Build.0 = Debug|Any CPU
		{9639899C-F591-47B5-BF00-A46DA6EB0536}.Debug|x86.ActiveCfg = Debug|x86
		{9639899C-F591-47B5-BF00-A46DA6EB0536}.Debug|x86.Build.0 = Debug|x86
		{9639899C-F591-47B5-BF00-A46DA6EB0536}.DebugLocal|Any CPU.ActiveCfg = Debug|Any CPU
		{9639899C-F591-47B5-BF00-A46DA6EB0536}.DebugLocal|Any CPU.Build.0 = Debug|Any CPU
		{9639899C-F591-47B5-BF00-A46DA6EB0536}.DebugLocal|x86.ActiveCfg = Debug|x86
		{9639899C-F591-47B5-BF00-A46DA6EB0536}.DebugLocal|x86.Build.0 = Debug|x86
		{9639899C-F591-47B5-BF00-A46DA6EB0536}.Release|Any CPU.ActiveCfg = Release|Any CPU
		{9639899C-F591-47B5-BF00-A46DA6EB0536}.Release|Any CPU.Build.0 = Release|Any CPU
		{9639899C-F591-47B5-BF00-A46DA6EB0536}.Release|x86.ActiveCfg = Release|x86
		{9639899C-F591-47B5-BF00-A46DA6EB0536}.Release|x86.Build.0 = Release|x86
		{A0718A25-B85D-4B4B-BC7A-21FA01D8B594}.Debug|Any CPU.ActiveCfg = Debug|Any CPU
		{A0718A25-B85D-4B4B-BC7A-21FA01D8B594}.Debug|Any CPU.Build.0 = Debug|Any CPU
		{A0718A25-B85D-4B4B-BC7A-21FA01D8B594}.Debug|x86.ActiveCfg = Debug|x86
		{A0718A25-B85D-4B4B-BC7A-21FA01D8B594}.Debug|x86.Build.0 = Debug|x86
		{A0718A25-B85D-4B4B-BC7A-21FA01D8B594}.DebugLocal|Any CPU.ActiveCfg = Debug|Any CPU
		{A0718A25-B85D-4B4B-BC7A-21FA01D8B594}.DebugLocal|Any CPU.Build.0 = Debug|Any CPU
		{A0718A25-B85D-4B4B-BC7A-21FA01D8B594}.DebugLocal|x86.ActiveCfg = Debug|x86
		{A0718A25-B85D-4B4B-BC7A-21FA01D8B594}.DebugLocal|x86.Build.0 = Debug|x86
		{A0718A25-B85D-4B4B-BC7A-21FA01D8B594}.Release|Any CPU.ActiveCfg = Release|Any CPU
		{A0718A25-B85D-4B4B-BC7A-21FA01D8B594}.Release|Any CPU.Build.0 = Release|Any CPU
		{A0718A25-B85D-4B4B-BC7A-21FA01D8B594}.Release|x86.ActiveCfg = Release|x86
		{A0718A25-B85D-4B4B-BC7A-21FA01D8B594}.Release|x86.Build.0 = Release|x86
		{E493BB93-33D0-44AE-A9A3-FD066D5D9723}.Debug|Any CPU.ActiveCfg = Debug|Any CPU
		{E493BB93-33D0-44AE-A9A3-FD066D5D9723}.Debug|Any CPU.Build.0 = Debug|Any CPU
		{E493BB93-33D0-44AE-A9A3-FD066D5D9723}.Debug|x86.ActiveCfg = Debug|x86
		{E493BB93-33D0-44AE-A9A3-FD066D5D9723}.Debug|x86.Build.0 = Debug|x86
		{E493BB93-33D0-44AE-A9A3-FD066D5D9723}.DebugLocal|Any CPU.ActiveCfg = Debug|Any CPU
		{E493BB93-33D0-44AE-A9A3-FD066D5D9723}.DebugLocal|Any CPU.Build.0 = Debug|Any CPU
		{E493BB93-33D0-44AE-A9A3-FD066D5D9723}.DebugLocal|x86.ActiveCfg = Debug|x86
		{E493BB93-33D0-44AE-A9A3-FD066D5D9723}.DebugLocal|x86.Build.0 = Debug|x86
		{E493BB93-33D0-44AE-A9A3-FD066D5D9723}.Release|Any CPU.ActiveCfg = Release|Any CPU
		{E493BB93-33D0-44AE-A9A3-FD066D5D9723}.Release|Any CPU.Build.0 = Release|Any CPU
		{E493BB93-33D0-44AE-A9A3-FD066D5D9723}.Release|x86.ActiveCfg = Release|x86
		{E493BB93-33D0-44AE-A9A3-FD066D5D9723}.Release|x86.Build.0 = Release|x86
		{C100EA87-7438-4439-AC79-FAE48BAB42E2}.Debug|Any CPU.ActiveCfg = Debug|Any CPU
		{C100EA87-7438-4439-AC79-FAE48BAB42E2}.Debug|Any CPU.Build.0 = Debug|Any CPU
		{C100EA87-7438-4439-AC79-FAE48BAB42E2}.Debug|x86.ActiveCfg = Debug|x86
		{C100EA87-7438-4439-AC79-FAE48BAB42E2}.Debug|x86.Build.0 = Debug|x86
		{C100EA87-7438-4439-AC79-FAE48BAB42E2}.DebugLocal|Any CPU.ActiveCfg = Debug|Any CPU
		{C100EA87-7438-4439-AC79-FAE48BAB42E2}.DebugLocal|Any CPU.Build.0 = Debug|Any CPU
		{C100EA87-7438-4439-AC79-FAE48BAB42E2}.DebugLocal|x86.ActiveCfg = Debug|x86
		{C100EA87-7438-4439-AC79-FAE48BAB42E2}.DebugLocal|x86.Build.0 = Debug|x86
		{C100EA87-7438-4439-AC79-FAE48BAB42E2}.Release|Any CPU.ActiveCfg = Release|Any CPU
		{C100EA87-7438-4439-AC79-FAE48BAB42E2}.Release|Any CPU.Build.0 = Release|Any CPU
		{C100EA87-7438-4439-AC79-FAE48BAB42E2}.Release|x86.ActiveCfg = Release|x86
		{C100EA87-7438-4439-AC79-FAE48BAB42E2}.Release|x86.Build.0 = Release|x86
		{19DC714E-B2B6-4763-A4A1-E5DC2AAF06BB}.Debug|Any CPU.ActiveCfg = Debug|Any CPU
		{19DC714E-B2B6-4763-A4A1-E5DC2AAF06BB}.Debug|Any CPU.Build.0 = Debug|Any CPU
		{19DC714E-B2B6-4763-A4A1-E5DC2AAF06BB}.Debug|x86.ActiveCfg = Debug|x86
		{19DC714E-B2B6-4763-A4A1-E5DC2AAF06BB}.Debug|x86.Build.0 = Debug|x86
		{19DC714E-B2B6-4763-A4A1-E5DC2AAF06BB}.DebugLocal|Any CPU.ActiveCfg = Debug|Any CPU
		{19DC714E-B2B6-4763-A4A1-E5DC2AAF06BB}.DebugLocal|Any CPU.Build.0 = Debug|Any CPU
		{19DC714E-B2B6-4763-A4A1-E5DC2AAF06BB}.DebugLocal|x86.ActiveCfg = Debug|x86
		{19DC714E-B2B6-4763-A4A1-E5DC2AAF06BB}.DebugLocal|x86.Build.0 = Debug|x86
		{19DC714E-B2B6-4763-A4A1-E5DC2AAF06BB}.Release|Any CPU.ActiveCfg = Release|Any CPU
		{19DC714E-B2B6-4763-A4A1-E5DC2AAF06BB}.Release|Any CPU.Build.0 = Release|Any CPU
		{19DC714E-B2B6-4763-A4A1-E5DC2AAF06BB}.Release|x86.ActiveCfg = Release|x86
		{19DC714E-B2B6-4763-A4A1-E5DC2AAF06BB}.Release|x86.Build.0 = Release|x86
		{B9267A20-7CD3-4375-A8E0-6C8BE1234C28}.Debug|Any CPU.ActiveCfg = Debug|Any CPU
		{B9267A20-7CD3-4375-A8E0-6C8BE1234C28}.Debug|Any CPU.Build.0 = Debug|Any CPU
		{B9267A20-7CD3-4375-A8E0-6C8BE1234C28}.Debug|x86.ActiveCfg = Debug|Any CPU
		{B9267A20-7CD3-4375-A8E0-6C8BE1234C28}.Debug|x86.Build.0 = Debug|Any CPU
		{B9267A20-7CD3-4375-A8E0-6C8BE1234C28}.DebugLocal|Any CPU.ActiveCfg = Debug|Any CPU
		{B9267A20-7CD3-4375-A8E0-6C8BE1234C28}.DebugLocal|Any CPU.Build.0 = Debug|Any CPU
		{B9267A20-7CD3-4375-A8E0-6C8BE1234C28}.DebugLocal|x86.ActiveCfg = Debug|Any CPU
		{B9267A20-7CD3-4375-A8E0-6C8BE1234C28}.DebugLocal|x86.Build.0 = Debug|Any CPU
		{B9267A20-7CD3-4375-A8E0-6C8BE1234C28}.Release|Any CPU.ActiveCfg = Release|Any CPU
		{B9267A20-7CD3-4375-A8E0-6C8BE1234C28}.Release|Any CPU.Build.0 = Release|Any CPU
		{B9267A20-7CD3-4375-A8E0-6C8BE1234C28}.Release|x86.ActiveCfg = Release|Any CPU
		{B9267A20-7CD3-4375-A8E0-6C8BE1234C28}.Release|x86.Build.0 = Release|Any CPU
	EndGlobalSection
	GlobalSection(SolutionProperties) = preSolution
		HideSolutionNode = FALSE
	EndGlobalSection
	GlobalSection(NestedProjects) = preSolution
		{6C7050A8-C6CD-4164-B19C-8E732BB59913} = {206BA759-FC71-4C24-A23A-3223F7259A7E}
		{E80473B1-82C7-4900-BB03-2513D5F7B25C} = {206BA759-FC71-4C24-A23A-3223F7259A7E}
		{C272D537-41C3-4252-AEB3-C7A509277664} = {206BA759-FC71-4C24-A23A-3223F7259A7E}
		{DC986EFA-12FB-4925-9C1A-1A09726EC3E3} = {206BA759-FC71-4C24-A23A-3223F7259A7E}
		{59BBF3C8-7906-494F-B196-254C994353AD} = {206BA759-FC71-4C24-A23A-3223F7259A7E}
		{FEEE9501-A147-454E-B6C9-E4E821F901EF} = {759F1562-3881-476C-98E5-52FE8D9DA208}
		{A32A6348-D49E-4D56-B2F5-36345CF6F3CF} = {759F1562-3881-476C-98E5-52FE8D9DA208}
		{55E21CA4-3572-471C-A8E8-C8562DF6F86B} = {759F1562-3881-476C-98E5-52FE8D9DA208}
		{64AED196-8524-41E0-A666-52435A245825} = {759F1562-3881-476C-98E5-52FE8D9DA208}
		{16DE34BE-9808-447B-8420-30210480AA9D} = {759F1562-3881-476C-98E5-52FE8D9DA208}
		{985EEA42-A5DA-4766-80FE-6579516F7024} = {CF7F0D5B-C805-4242-A9CE-8971BF841D49}
		{7D6147C7-EE51-4EB1-B1B9-98B78834187F} = {CF7F0D5B-C805-4242-A9CE-8971BF841D49}
		{9639899C-F591-47B5-BF00-A46DA6EB0536} = {CF7F0D5B-C805-4242-A9CE-8971BF841D49}
		{A0718A25-B85D-4B4B-BC7A-21FA01D8B594} = {CF7F0D5B-C805-4242-A9CE-8971BF841D49}
		{C100EA87-7438-4439-AC79-FAE48BAB42E2} = {CF7F0D5B-C805-4242-A9CE-8971BF841D49}
		{19DC714E-B2B6-4763-A4A1-E5DC2AAF06BB} = {CF7F0D5B-C805-4242-A9CE-8971BF841D49}
	EndGlobalSection
	GlobalSection(ExtensibilityGlobals) = postSolution
		SolutionGuid = {22787EE7-60C2-4619-A295-33D926CD4F31}
	EndGlobalSection
EndGlobal
